<?xml version="1.0" encoding="utf-8"?>
<Project ToolsVersion="4.0" xmlns="http://schemas.microsoft.com/developer/msbuild/2003">
  <ItemGroup>
    <Filter Include="cpp">
      <UniqueIdentifier>{18b123c3-1824-451b-acbc-2364be93649d}</UniqueIdentifier>
    </Filter>
    <Filter Include="header">
      <UniqueIdentifier>{9a854c4d-7976-4e87-a43a-1beb830020f0}</UniqueIdentifier>
    </Filter>
    <Filter Include="src">
      <UniqueIdentifier>{da879543-edaa-40ea-a7ff-1f1948827d47}</UniqueIdentifier>
    </Filter>
  </ItemGroup>
  <ItemGroup>
    <ClCompile Include="..\common\d2d_draw.cpp">
      <Filter>cpp</Filter>
    </ClCompile>
    <ClCompile Include="..\common\xa2_play.cpp">
      <Filter>cpp</Filter>
    </ClCompile>
    <ClCompile Include="sfc_6502.c">
      <Filter>src</Filter>
    </ClCompile>
    <ClCompile Include="sfc_config.c">
      <Filter>src</Filter>
    </ClCompile>
    <ClCompile Include="sfc_cpu.c">
      <Filter>src</Filter>
    </ClCompile>
    <ClCompile Include="sfc_famicom.c">
      <Filter>src</Filter>
    </ClCompile>
    <ClCompile Include="sfc_mapper.c">
      <Filter>src</Filter>
    </ClCompile>
    <ClCompile Include="sfc_ppu.c">
      <Filter>src</Filter>
    </ClCompile>
    <ClCompile Include="sfc_render_ez.c">
      <Filter>src</Filter>
    </ClCompile>
    <ClCompile Include="main.c">
      <Filter>src</Filter>
    </ClCompile>
    <ClCompile Include="sfc_addr4020.c">
      <Filter>src</Filter>
    </ClCompile>
  </ItemGroup>
  <ItemGroup>
    <ClInclude Include="..\common\d2d_interface.h">
      <Filter>cpp</Filter>
    </ClInclude>
    <ClInclude Include="..\common\p_XAudio2_base.h">
      <Filter>cpp</Filter>
    </ClInclude>
    <ClInclude Include="..\common\p_XAudio2_7.h">
      <Filter>cpp</Filter>
    </ClInclude>
    <ClInclude Include="..\common\xa2_interface.h">
      <Filter>cpp</Filter>
    </ClInclude>
    <ClInclude Include="sfc_ppu.h">
      <Filter>header</Filter>
    </ClInclude>
    <ClInclude Include="sfc_rom.h">
      <Filter>header</Filter>
    </ClInclude>
    <ClInclude Include="sfc_6502.h">
      <Filter>header</Filter>
    </ClInclude>
    <ClInclude Include="sfc_code.h">
      <Filter>header</Filter>
    </ClInclude>
    <ClInclude Include="sfc_config.h">
      <Filter>header</Filter>
    </ClInclude>
    <ClInclude Include="sfc_cpu.h">
      <Filter>header</Filter>
    </ClInclude>
    <ClInclude Include="sfc_famicom.h">
      <Filter>header</Filter>
    </ClInclude>
    <ClInclude Include="sfc_apu.h">
      <Filter>header</Filter>
    </ClInclude>
  </ItemGroup>
</Project>