<?xml version="1.0" encoding="utf-8"?>
<Project ToolsVersion="4.0" xmlns="http://schemas.microsoft.com/developer/msbuild/2003">
  <ItemGroup>
    <Filter Include="cpp">
      <UniqueIdentifier>{7429ad18-15df-4a7a-8d10-5218af7a8c0e}</UniqueIdentifier>
    </Filter>
    <Filter Include="header">
      <UniqueIdentifier>{94b05375-71f2-4f74-99cd-ce1ec79c41ef}</UniqueIdentifier>
    </Filter>
    <Filter Include="src">
      <UniqueIdentifier>{89631a6f-5dc4-405b-8c4b-03533053b321}</UniqueIdentifier>
    </Filter>
    <Filter Include="mapper">
      <UniqueIdentifier>{d37564e8-6847-4a5a-a4a3-fe33c9dc4ed8}</UniqueIdentifier>
    </Filter>
  </ItemGroup>
  <ItemGroup>
    <ClCompile Include="sfc_render_ez.c">
      <Filter>src</Filter>
    </ClCompile>
    <ClCompile Include="main.c">
      <Filter>src</Filter>
    </ClCompile>
    <ClCompile Include="sfc_6502.c">
      <Filter>src</Filter>
    </ClCompile>
    <ClCompile Include="sfc_addr4020.c">
      <Filter>src</Filter>
    </ClCompile>
    <ClCompile Include="sfc_config.c">
      <Filter>src</Filter>
    </ClCompile>
    <ClCompile Include="sfc_cpu.c">
      <Filter>src</Filter>
    </ClCompile>
    <ClCompile Include="sfc_famicom.c">
      <Filter>src</Filter>
    </ClCompile>
    <ClCompile Include="sfc_mapper.c">
      <Filter>src</Filter>
    </ClCompile>
    <ClCompile Include="sfc_play_ez.c">
      <Filter>src</Filter>
    </ClCompile>
    <ClCompile Include="sfc_ppu.c">
      <Filter>src</Filter>
    </ClCompile>
    <ClCompile Include="sfc_mapper_004_mmc3.c">
      <Filter>mapper</Filter>
    </ClCompile>
    <ClCompile Include="sfc_mapper_001_mmc1.c">
      <Filter>mapper</Filter>
    </ClCompile>
    <ClCompile Include="sfc_mapper_002_uxrom.c">
      <Filter>mapper</Filter>
    </ClCompile>
    <ClCompile Include="sfc_mapper_003_cnrom.c">
      <Filter>mapper</Filter>
    </ClCompile>
    <ClCompile Include="..\common\xa2_play1.cpp">
      <Filter>cpp</Filter>
    </ClCompile>
    <ClCompile Include="..\common\d2d_draw1.cpp">
      <Filter>cpp</Filter>
    </ClCompile>
  </ItemGroup>
  <ItemGroup>
    <ClInclude Include="sfc_6502.h">
      <Filter>header</Filter>
    </ClInclude>
    <ClInclude Include="sfc_apu.h">
      <Filter>header</Filter>
    </ClInclude>
    <ClInclude Include="sfc_code.h">
      <Filter>header</Filter>
    </ClInclude>
    <ClInclude Include="sfc_config.h">
      <Filter>header</Filter>
    </ClInclude>
    <ClInclude Include="sfc_cpu.h">
      <Filter>header</Filter>
    </ClInclude>
    <ClInclude Include="sfc_famicom.h">
      <Filter>header</Filter>
    </ClInclude>
    <ClInclude Include="sfc_mapper.h">
      <Filter>header</Filter>
    </ClInclude>
    <ClInclude Include="sfc_mapper_helper.h">
      <Filter>header</Filter>
    </ClInclude>
    <ClInclude Include="sfc_play.h">
      <Filter>header</Filter>
    </ClInclude>
    <ClInclude Include="sfc_ppu.h">
      <Filter>header</Filter>
    </ClInclude>
    <ClInclude Include="sfc_rom.h">
      <Filter>header</Filter>
    </ClInclude>
    <ClInclude Include="..\common\p_XAudio2_7.h">
      <Filter>cpp</Filter>
    </ClInclude>
    <ClInclude Include="..\common\p_XAudio2_base.h">
      <Filter>cpp</Filter>
    </ClInclude>
    <ClInclude Include="..\common\xa2_interface1.h">
      <Filter>cpp</Filter>
    </ClInclude>
    <ClInclude Include="..\common\d2d_interface1.h">
      <Filter>cpp</Filter>
    </ClInclude>
  </ItemGroup>
</Project>