<?xml version="1.0" encoding="utf-8"?>
<Project ToolsVersion="4.0" xmlns="http://schemas.microsoft.com/developer/msbuild/2003">
  <ItemGroup>
    <ClCompile Include="main.c">
      <Filter>src</Filter>
    </ClCompile>
    <ClCompile Include="sfc_cpu.c">
      <Filter>src</Filter>
    </ClCompile>
    <ClCompile Include="sfc_famicom.c">
      <Filter>src</Filter>
    </ClCompile>
    <ClCompile Include="sfc_mapper.c">
      <Filter>src</Filter>
    </ClCompile>
    <ClCompile Include="sfc_6502.c">
      <Filter>src</Filter>
    </ClCompile>
  </ItemGroup>
  <ItemGroup>
    <ClInclude Include="sfc_code.h">
      <Filter>header</Filter>
    </ClInclude>
    <ClInclude Include="sfc_famicom.h">
      <Filter>header</Filter>
    </ClInclude>
    <ClInclude Include="sfc_rom.h">
      <Filter>header</Filter>
    </ClInclude>
    <ClInclude Include="sfc_cpu.h">
      <Filter>header</Filter>
    </ClInclude>
    <ClInclude Include="sfc_6502.h">
      <Filter>header</Filter>
    </ClInclude>
  </ItemGroup>
  <ItemGroup>
    <Filter Include="src">
      <UniqueIdentifier>{1e340731-7457-4816-8469-7fc87606a5e1}</UniqueIdentifier>
    </Filter>
    <Filter Include="header">
      <UniqueIdentifier>{17f4cd1f-da2f-4a46-b603-74674394143e}</UniqueIdentifier>
    </Filter>
  </ItemGroup>
</Project>